# This file is automatically @generated by Cargo.
# It is not intended for manual editing.
version = 4

[[package]]
name = "lithify-core"
version = "0.1.0"

[[package]]
name = "lithify-llm"
version = "0.1.0"
dependencies = [
 "lithify-core",
]

[[package]]
name = "lithify-rag"
version = "0.1.0"
dependencies = [
 "lithify-core",
 "lithify-llm",
 "lithify-storage",
]

[[package]]
name = "lithify-runtime"
version = "0.1.0"
dependencies = [
 "lithify-core",
 "lithify-llm",
 "lithify-rag",
 "lithify-sandbox",
 "lithify-skill",
 "lithify-storage",
 "lithify-tools",
]

[[package]]
name = "lithify-sandbox"
version = "0.1.0"
dependencies = [
 "lithify-core",
]

[[package]]
name = "lithify-skill"
version = "0.1.0"
dependencies = [
 "lithify-core",
]

[[package]]
name = "lithify-storage"
version = "0.1.0"
dependencies = [
 "lithify-core",
]

[[package]]
name = "lithify-tools"
version = "0.1.0"
dependencies = [
 "lithify-core",
 "lithify-sandbox",
]
